
Microsoft Visual Studio Solution File, Format Version 12.00
# Visual Studio 15
VisualStudioVersion = 15.0.28307.779
MinimumVisualStudioVersion = 10.0.40219.1
Project("{FAE04EC0-301F-11D3-BF4B-00C04F79EFBC}") = "CoreBackend.Api", "CoreBackend.Api\CoreBackend.Api.csproj", "{32737A76-434D-454F-9206-D466F823B7CE}"
EndProject
Global
	GlobalSection(SolutionConfigurationPlatforms) = preSolution
		Debug|Any CPU = Debug|Any CPU
		Release|Any CPU = Release|Any CPU
	EndGlobalSection
	GlobalSection(ProjectConfigurationPlatforms) = postSolution
		{32737A76-434D-454F-9206-D466F823B7CE}.Debug|Any CPU.ActiveCfg = Debug|Any CPU
		{32737A76-434D-454F-9206-D466F823B7CE}.Debug|Any CPU.Build.0 = Debug|Any CPU
		{32737A76-434D-454F-9206-D466F823B7CE}.Release|Any CPU.ActiveCfg = Release|Any CPU
		{32737A76-434D-454F-9206-D466F823B7CE}.Release|Any CPU.Build.0 = Release|Any CPU
	EndGlobalSection
	GlobalSection(SolutionProperties) = preSolution
		HideSolutionNode = FALSE
	EndGlobalSection
	GlobalSection(ExtensibilityGlobals) = postSolution
		SolutionGuid = {09249799-BC25-4873-B4EE-1DA4DD105211}
	EndGlobalSection
EndGlobal
